
Microsoft Visual Studio Solution File, Format Version 12.00
# Visual Studio Version 17
VisualStudioVersion = 17.5.2.0
MinimumVisualStudioVersion = 10.0.40219.1
Project("{FAE04EC0-301F-11D3-BF4B-00C04F79EFBC}") = "MahalliyMarket", "MahalliyMarket.csproj", "{CADA1CBA-3DCD-84FE-8662-7424DD28CEBD}"
EndProject
Project("{FAE04EC0-301F-11D3-BF4B-00C04F79EFBC}") = "ECommerceApp", "..\WebAPIProject\ECommerceApp\ECommerceApp.csproj", "{5B4AFF4B-0425-4581-8A00-C0F98ACF535F}"
EndProject
Global
	GlobalSection(SolutionConfigurationPlatforms) = preSolution
		Debug|Any CPU = Debug|Any CPU
		Debug|x64 = Debug|x64
		Debug|x86 = Debug|x86
		Release|Any CPU = Release|Any CPU
		Release|x64 = Release|x64
		Release|x86 = Release|x86
	EndGlobalSection
	GlobalSection(ProjectConfigurationPlatforms) = postSolution
		{CADA1CBA-3DCD-84FE-8662-7424DD28CEBD}.Debug|Any CPU.ActiveCfg = Debug|Any CPU
		{CADA1CBA-3DCD-84FE-8662-7424DD28CEBD}.Debug|Any CPU.Build.0 = Debug|Any CPU
		{CADA1CBA-3DCD-84FE-8662-7424DD28CEBD}.Debug|x64.ActiveCfg = Debug|Any CPU
		{CADA1CBA-3DCD-84FE-8662-7424DD28CEBD}.Debug|x64.Build.0 = Debug|Any CPU
		{CADA1CBA-3DCD-84FE-8662-7424DD28CEBD}.Debug|x86.ActiveCfg = Debug|Any CPU
		{CADA1CBA-3DCD-84FE-8662-7424DD28CEBD}.Debug|x86.Build.0 = Debug|Any CPU
		{CADA1CBA-3DCD-84FE-8662-7424DD28CEBD}.Release|Any CPU.ActiveCfg = Release|Any CPU
		{CADA1CBA-3DCD-84FE-8662-7424DD28CEBD}.Release|Any CPU.Build.0 = Release|Any CPU
		{CADA1CBA-3DCD-84FE-8662-7424DD28CEBD}.Release|x64.ActiveCfg = Release|Any CPU
		{CADA1CBA-3DCD-84FE-8662-7424DD28CEBD}.Release|x64.Build.0 = Release|Any CPU
		{CADA1CBA-3DCD-84FE-8662-7424DD28CEBD}.Release|x86.ActiveCfg = Release|Any CPU
		{CADA1CBA-3DCD-84FE-8662-7424DD28CEBD}.Release|x86.Build.0 = Release|Any CPU
		{5B4AFF4B-0425-4581-8A00-C0F98ACF535F}.Debug|Any CPU.ActiveCfg = Debug|Any CPU
		{5B4AFF4B-0425-4581-8A00-C0F98ACF535F}.Debug|Any CPU.Build.0 = Debug|Any CPU
		{5B4AFF4B-0425-4581-8A00-C0F98ACF535F}.Debug|x64.ActiveCfg = Debug|Any CPU
		{5B4AFF4B-0425-4581-8A00-C0F98ACF535F}.Debug|x64.Build.0 = Debug|Any CPU
		{5B4AFF4B-0425-4581-8A00-C0F98ACF535F}.Debug|x86.ActiveCfg = Debug|Any CPU
		{5B4AFF4B-0425-4581-8A00-C0F98ACF535F}.Debug|x86.Build.0 = Debug|Any CPU
		{5B4AFF4B-0425-4581-8A00-C0F98ACF535F}.Release|Any CPU.ActiveCfg = Release|Any CPU
		{5B4AFF4B-0425-4581-8A00-C0F98ACF535F}.Release|Any CPU.Build.0 = Release|Any CPU
		{5B4AFF4B-0425-4581-8A00-C0F98ACF535F}.Release|x64.ActiveCfg = Release|Any CPU
		{5B4AFF4B-0425-4581-8A00-C0F98ACF535F}.Release|x64.Build.0 = Release|Any CPU
		{5B4AFF4B-0425-4581-8A00-C0F98ACF535F}.Release|x86.ActiveCfg = Release|Any CPU
		{5B4AFF4B-0425-4581-8A00-C0F98ACF535F}.Release|x86.Build.0 = Release|Any CPU
	EndGlobalSection
	GlobalSection(SolutionProperties) = preSolution
		HideSolutionNode = FALSE
	EndGlobalSection
	GlobalSection(ExtensibilityGlobals) = postSolution
		SolutionGuid = {7A700BD5-6BAE-4EBE-9DAD-D18B250137D3}
	EndGlobalSection
EndGlobal
