Microsoft Visual Studio Solution File, Format Version 12.00
# Visual Studio Version 17
VisualStudioVersion = 17.5.2.0
MinimumVisualStudioVersion = 10.0.40219.1
Project("{FAE04EC0-301F-11D3-BF4B-00C04F79EFBC}") = "MahalliyMarket", "MahalliyMarket.csproj", "{CADA1CBA-3DCD-84FE-8662-7424DD28CEBD}"
EndProject
Project("{FAE04EC0-301F-11D3-BF4B-00C04F79EFBC}") = "ECommerceApp", "..\..\WebAPIProject\ECommerceApp\ECommerceApp.csproj", "{DB953BB5-8B28-0E37-1524-05F00B05F155}"
EndProject
Global
	GlobalSection(SolutionConfigurationPlatforms) = preSolution
		Debug|Any CPU = Debug|Any CPU
		Release|Any CPU = Release|Any CPU
	EndGlobalSection
	GlobalSection(ProjectConfigurationPlatforms) = postSolution
		{CADA1CBA-3DCD-84FE-8662-7424DD28CEBD}.Debug|Any CPU.ActiveCfg = Debug|Any CPU
		{CADA1CBA-3DCD-84FE-8662-7424DD28CEBD}.Debug|Any CPU.Build.0 = Debug|Any CPU
		{CADA1CBA-3DCD-84FE-8662-7424DD28CEBD}.Release|Any CPU.ActiveCfg = Release|Any CPU
		{CADA1CBA-3DCD-84FE-8662-7424DD28CEBD}.Release|Any CPU.Build.0 = Release|Any CPU
		{DB953BB5-8B28-0E37-1524-05F00B05F155}.Debug|Any CPU.ActiveCfg = Debug|Any CPU
		{DB953BB5-8B28-0E37-1524-05F00B05F155}.Debug|Any CPU.Build.0 = Debug|Any CPU
		{DB953BB5-8B28-0E37-1524-05F00B05F155}.Release|Any CPU.ActiveCfg = Release|Any CPU
		{DB953BB5-8B28-0E37-1524-05F00B05F155}.Release|Any CPU.Build.0 = Release|Any CPU
	EndGlobalSection
	GlobalSection(SolutionProperties) = preSolution
		HideSolutionNode = FALSE
	EndGlobalSection
	GlobalSection(ExtensibilityGlobals) = postSolution
		SolutionGuid = {7A700BD5-6BAE-4EBE-9DAD-D18B250137D3}
	EndGlobalSection
EndGlobal
